
Microsoft Visual Studio Solution File, Format Version 12.00
# Visual Studio Version 17
VisualStudioVersion = 17.5.2.0
MinimumVisualStudioVersion = 10.0.40219.1
Project("{2150E333-8FDC-42A3-9474-1A3956D46DE8}") = "src", "src", "{827E0CD3-B72D-47B6-A68D-7590B98EB39B}"
EndProject
Project("{FAE04EC0-301F-11D3-BF4B-00C04F79EFBC}") = "Federation.Results.Api", "src\Federation.Results.Api\Federation.Results.Api.csproj", "{37564481-302A-94BC-368E-25AAF2EFD143}"
EndProject
Project("{FAE04EC0-301F-11D3-BF4B-00C04F79EFBC}") = "BetStrike.Middleware.Contracts", "src\BetStrike.Middleware.Contracts\BetStrike.Middleware.Contracts.csproj", "{6B56B8EA-9A9F-4E5A-8B72-8F3E8DAF8A11}"
EndProject
Project("{FAE04EC0-301F-11D3-BF4B-00C04F79EFBC}") = "BetStrike.Middleware.Worker", "src\BetStrike.Middleware.Worker\BetStrike.Middleware.Worker.csproj", "{F4B0C4C5-19AC-4F7B-8C0F-5C5D3A8A1A22}"
EndProject
Project("{FAE04EC0-301F-11D3-BF4B-00C04F79EFBC}") = "BetStrike.Streaming.Worker", "src\BetStrike.Streaming.Worker\BetStrike.Streaming.Worker.csproj", "{FD56339C-487A-4C6D-A9D6-215D499CF665}"
EndProject
Global
	GlobalSection(SolutionConfigurationPlatforms) = preSolution
		Debug|Any CPU = Debug|Any CPU
		Debug|x64 = Debug|x64
		Debug|x86 = Debug|x86
		Release|Any CPU = Release|Any CPU
		Release|x64 = Release|x64
		Release|x86 = Release|x86
	EndGlobalSection
	GlobalSection(ProjectConfigurationPlatforms) = postSolution
		{37564481-302A-94BC-368E-25AAF2EFD143}.Debug|Any CPU.ActiveCfg = Debug|Any CPU
		{37564481-302A-94BC-368E-25AAF2EFD143}.Debug|Any CPU.Build.0 = Debug|Any CPU
		{37564481-302A-94BC-368E-25AAF2EFD143}.Debug|x64.ActiveCfg = Debug|Any CPU
		{37564481-302A-94BC-368E-25AAF2EFD143}.Debug|x64.Build.0 = Debug|Any CPU
		{37564481-302A-94BC-368E-25AAF2EFD143}.Debug|x86.ActiveCfg = Debug|Any CPU
		{37564481-302A-94BC-368E-25AAF2EFD143}.Debug|x86.Build.0 = Debug|Any CPU
		{37564481-302A-94BC-368E-25AAF2EFD143}.Release|Any CPU.ActiveCfg = Release|Any CPU
		{37564481-302A-94BC-368E-25AAF2EFD143}.Release|Any CPU.Build.0 = Release|Any CPU
		{37564481-302A-94BC-368E-25AAF2EFD143}.Release|x64.ActiveCfg = Release|Any CPU
		{37564481-302A-94BC-368E-25AAF2EFD143}.Release|x64.Build.0 = Release|Any CPU
		{37564481-302A-94BC-368E-25AAF2EFD143}.Release|x86.ActiveCfg = Release|Any CPU
		{37564481-302A-94BC-368E-25AAF2EFD143}.Release|x86.Build.0 = Release|Any CPU
		{6B56B8EA-9A9F-4E5A-8B72-8F3E8DAF8A11}.Debug|Any CPU.ActiveCfg = Debug|Any CPU
		{6B56B8EA-9A9F-4E5A-8B72-8F3E8DAF8A11}.Debug|Any CPU.Build.0 = Debug|Any CPU
		{6B56B8EA-9A9F-4E5A-8B72-8F3E8DAF8A11}.Debug|x64.ActiveCfg = Debug|Any CPU
		{6B56B8EA-9A9F-4E5A-8B72-8F3E8DAF8A11}.Debug|x64.Build.0 = Debug|Any CPU
		{6B56B8EA-9A9F-4E5A-8B72-8F3E8DAF8A11}.Debug|x86.ActiveCfg = Debug|Any CPU
		{6B56B8EA-9A9F-4E5A-8B72-8F3E8DAF8A11}.Debug|x86.Build.0 = Debug|Any CPU
		{6B56B8EA-9A9F-4E5A-8B72-8F3E8DAF8A11}.Release|Any CPU.ActiveCfg = Release|Any CPU
		{6B56B8EA-9A9F-4E5A-8B72-8F3E8DAF8A11}.Release|Any CPU.Build.0 = Release|Any CPU
		{6B56B8EA-9A9F-4E5A-8B72-8F3E8DAF8A11}.Release|x64.ActiveCfg = Release|Any CPU
		{6B56B8EA-9A9F-4E5A-8B72-8F3E8DAF8A11}.Release|x64.Build.0 = Release|Any CPU
		{6B56B8EA-9A9F-4E5A-8B72-8F3E8DAF8A11}.Release|x86.ActiveCfg = Release|Any CPU
		{6B56B8EA-9A9F-4E5A-8B72-8F3E8DAF8A11}.Release|x86.Build.0 = Release|Any CPU
		{F4B0C4C5-19AC-4F7B-8C0F-5C5D3A8A1A22}.Debug|Any CPU.ActiveCfg = Debug|Any CPU
		{F4B0C4C5-19AC-4F7B-8C0F-5C5D3A8A1A22}.Debug|Any CPU.Build.0 = Debug|Any CPU
		{F4B0C4C5-19AC-4F7B-8C0F-5C5D3A8A1A22}.Debug|x64.ActiveCfg = Debug|Any CPU
		{F4B0C4C5-19AC-4F7B-8C0F-5C5D3A8A1A22}.Debug|x64.Build.0 = Debug|Any CPU
		{F4B0C4C5-19AC-4F7B-8C0F-5C5D3A8A1A22}.Debug|x86.ActiveCfg = Debug|Any CPU
		{F4B0C4C5-19AC-4F7B-8C0F-5C5D3A8A1A22}.Debug|x86.Build.0 = Debug|Any CPU
		{F4B0C4C5-19AC-4F7B-8C0F-5C5D3A8A1A22}.Release|Any CPU.ActiveCfg = Release|Any CPU
		{F4B0C4C5-19AC-4F7B-8C0F-5C5D3A8A1A22}.Release|Any CPU.Build.0 = Release|Any CPU
		{F4B0C4C5-19AC-4F7B-8C0F-5C5D3A8A1A22}.Release|x64.ActiveCfg = Release|Any CPU
		{F4B0C4C5-19AC-4F7B-8C0F-5C5D3A8A1A22}.Release|x64.Build.0 = Release|Any CPU
		{F4B0C4C5-19AC-4F7B-8C0F-5C5D3A8A1A22}.Release|x86.ActiveCfg = Release|Any CPU
		{F4B0C4C5-19AC-4F7B-8C0F-5C5D3A8A1A22}.Release|x86.Build.0 = Release|Any CPU
		{FD56339C-487A-4C6D-A9D6-215D499CF665}.Debug|Any CPU.ActiveCfg = Debug|Any CPU
		{FD56339C-487A-4C6D-A9D6-215D499CF665}.Debug|Any CPU.Build.0 = Debug|Any CPU
		{FD56339C-487A-4C6D-A9D6-215D499CF665}.Debug|x64.ActiveCfg = Debug|Any CPU
		{FD56339C-487A-4C6D-A9D6-215D499CF665}.Debug|x64.Build.0 = Debug|Any CPU
		{FD56339C-487A-4C6D-A9D6-215D499CF665}.Debug|x86.ActiveCfg = Debug|Any CPU
		{FD56339C-487A-4C6D-A9D6-215D499CF665}.Debug|x86.Build.0 = Debug|Any CPU
		{FD56339C-487A-4C6D-A9D6-215D499CF665}.Release|Any CPU.ActiveCfg = Release|Any CPU
		{FD56339C-487A-4C6D-A9D6-215D499CF665}.Release|Any CPU.Build.0 = Release|Any CPU
		{FD56339C-487A-4C6D-A9D6-215D499CF665}.Release|x64.ActiveCfg = Release|Any CPU
		{FD56339C-487A-4C6D-A9D6-215D499CF665}.Release|x64.Build.0 = Release|Any CPU
		{FD56339C-487A-4C6D-A9D6-215D499CF665}.Release|x86.ActiveCfg = Release|Any CPU
		{FD56339C-487A-4C6D-A9D6-215D499CF665}.Release|x86.Build.0 = Release|Any CPU
	EndGlobalSection
	GlobalSection(SolutionProperties) = preSolution
		HideSolutionNode = FALSE
	EndGlobalSection
	GlobalSection(NestedProjects) = preSolution
		{37564481-302A-94BC-368E-25AAF2EFD143} = {827E0CD3-B72D-47B6-A68D-7590B98EB39B}
		{6B56B8EA-9A9F-4E5A-8B72-8F3E8DAF8A11} = {827E0CD3-B72D-47B6-A68D-7590B98EB39B}
		{F4B0C4C5-19AC-4F7B-8C0F-5C5D3A8A1A22} = {827E0CD3-B72D-47B6-A68D-7590B98EB39B}
		{FD56339C-487A-4C6D-A9D6-215D499CF665} = {827E0CD3-B72D-47B6-A68D-7590B98EB39B}
	EndGlobalSection
	GlobalSection(ExtensibilityGlobals) = postSolution
		SolutionGuid = {CAB732FD-61ED-468F-8D79-1433B9FE0A7C}
	EndGlobalSection
EndGlobal
